
Microsoft Visual Studio Solution File, Format Version 12.00
# Visual Studio 15
VisualStudioVersion = 15.0.28307.1401
MinimumVisualStudioVersion = 10.0.40219.1
Project("{FAE04EC0-301F-11D3-BF4B-00C04F79EFBC}") = "PLCCommunication", "PLCCommunication\PLCCommunication.csproj", "{A7D9712C-C185-493C-9C86-55999D517103}"
EndProject
Project("{FAE04EC0-301F-11D3-BF4B-00C04F79EFBC}") = "PLC_TestApp", "PLC_TestApp\PLC_TestApp.csproj", "{FE161E9F-C8E1-4427-BBE4-D7C21A6C0822}"
EndProject
Global
	GlobalSection(SolutionConfigurationPlatforms) = preSolution
		Debug|Any CPU = Debug|Any CPU
		Release|Any CPU = Release|Any CPU
	EndGlobalSection
	GlobalSection(ProjectConfigurationPlatforms) = postSolution
		{A7D9712C-C185-493C-9C86-55999D517103}.Debug|Any CPU.ActiveCfg = Debug|Any CPU
		{A7D9712C-C185-493C-9C86-55999D517103}.Debug|Any CPU.Build.0 = Debug|Any CPU
		{A7D9712C-C185-493C-9C86-55999D517103}.Release|Any CPU.ActiveCfg = Release|Any CPU
		{A7D9712C-C185-493C-9C86-55999D517103}.Release|Any CPU.Build.0 = Release|Any CPU
		{FE161E9F-C8E1-4427-BBE4-D7C21A6C0822}.Debug|Any CPU.ActiveCfg = Debug|Any CPU
		{FE161E9F-C8E1-4427-BBE4-D7C21A6C0822}.Debug|Any CPU.Build.0 = Debug|Any CPU
		{FE161E9F-C8E1-4427-BBE4-D7C21A6C0822}.Release|Any CPU.ActiveCfg = Release|Any CPU
		{FE161E9F-C8E1-4427-BBE4-D7C21A6C0822}.Release|Any CPU.Build.0 = Release|Any CPU
	EndGlobalSection
	GlobalSection(SolutionProperties) = preSolution
		HideSolutionNode = FALSE
	EndGlobalSection
	GlobalSection(ExtensibilityGlobals) = postSolution
		SolutionGuid = {4AD89967-3C8F-4E36-8202-1A62B8A88192}
	EndGlobalSection
EndGlobal
